
Microsoft Visual Studio Solution File, Format Version 12.00
# Visual Studio Version 16
VisualStudioVersion = 16.0.33927.289
MinimumVisualStudioVersion = 10.0.40219.1
Project("{888888A0-9F3D-457C-B088-3A5042F75D52}") = "MyPi", "MyPi\MyPi.pyproj", "{18C2678A-6AB6-4065-AD02-864C5E87AA8E}"
EndProject
Global
	GlobalSection(SolutionConfigurationPlatforms) = preSolution
		Debug|Any CPU = Debug|Any CPU
		Release|Any CPU = Release|Any CPU
	EndGlobalSection
	GlobalSection(ProjectConfigurationPlatforms) = postSolution
		{18C2678A-6AB6-4065-AD02-864C5E87AA8E}.Debug|Any CPU.ActiveCfg = Debug|Any CPU
		{18C2678A-6AB6-4065-AD02-864C5E87AA8E}.Release|Any CPU.ActiveCfg = Release|Any CPU
	EndGlobalSection
	GlobalSection(SolutionProperties) = preSolution
		HideSolutionNode = FALSE
	EndGlobalSection
	GlobalSection(ExtensibilityGlobals) = postSolution
		SolutionGuid = {BF6F1E8D-864C-4CCE-A2D6-EF347079ADC0}
	EndGlobalSection
EndGlobal
